
Microsoft Visual Studio Solution File, Format Version 12.00
# Visual Studio Version 16
VisualStudioVersion = 16.0.29728.190
MinimumVisualStudioVersion = 10.0.40219.1
Project("{9A19103F-16F7-4668-BE54-9A1E7A4F7556}") = "eShopSolution.webApp", "eShopSolution.webApp\eShopSolution.webApp.csproj", "{26A3CD4A-E0A2-4440-970F-60AC13C70076}"
EndProject
Project("{9A19103F-16F7-4668-BE54-9A1E7A4F7556}") = "eShopSolution.Data", "eShopSolution.Data\eShopSolution.Data.csproj", "{5FC780DE-B87A-4C13-9898-B1CD4DBD25A4}"
EndProject
Project("{9A19103F-16F7-4668-BE54-9A1E7A4F7556}") = "eShopSolution.Application", "eShopSolution.Application\eShopSolution.Application.csproj", "{CC6857CE-5513-473B-B91C-122F1F000449}"
EndProject
Project("{FAE04EC0-301F-11D3-BF4B-00C04F79EFBC}") = "eShopSolution.Utilities", "eShopSolution.Utinities\eShopSolution.Utilities.csproj", "{75752B77-CD9B-48B3-8A05-6BAEF9B1F449}"
EndProject
Global
	GlobalSection(SolutionConfigurationPlatforms) = preSolution
		Debug|Any CPU = Debug|Any CPU
		Release|Any CPU = Release|Any CPU
	EndGlobalSection
	GlobalSection(ProjectConfigurationPlatforms) = postSolution
		{26A3CD4A-E0A2-4440-970F-60AC13C70076}.Debug|Any CPU.ActiveCfg = Debug|Any CPU
		{26A3CD4A-E0A2-4440-970F-60AC13C70076}.Debug|Any CPU.Build.0 = Debug|Any CPU
		{26A3CD4A-E0A2-4440-970F-60AC13C70076}.Release|Any CPU.ActiveCfg = Release|Any CPU
		{26A3CD4A-E0A2-4440-970F-60AC13C70076}.Release|Any CPU.Build.0 = Release|Any CPU
		{5FC780DE-B87A-4C13-9898-B1CD4DBD25A4}.Debug|Any CPU.ActiveCfg = Debug|Any CPU
		{5FC780DE-B87A-4C13-9898-B1CD4DBD25A4}.Debug|Any CPU.Build.0 = Debug|Any CPU
		{5FC780DE-B87A-4C13-9898-B1CD4DBD25A4}.Release|Any CPU.ActiveCfg = Release|Any CPU
		{5FC780DE-B87A-4C13-9898-B1CD4DBD25A4}.Release|Any CPU.Build.0 = Release|Any CPU
		{CC6857CE-5513-473B-B91C-122F1F000449}.Debug|Any CPU.ActiveCfg = Debug|Any CPU
		{CC6857CE-5513-473B-B91C-122F1F000449}.Debug|Any CPU.Build.0 = Debug|Any CPU
		{CC6857CE-5513-473B-B91C-122F1F000449}.Release|Any CPU.ActiveCfg = Release|Any CPU
		{CC6857CE-5513-473B-B91C-122F1F000449}.Release|Any CPU.Build.0 = Release|Any CPU
		{75752B77-CD9B-48B3-8A05-6BAEF9B1F449}.Debug|Any CPU.ActiveCfg = Debug|Any CPU
		{75752B77-CD9B-48B3-8A05-6BAEF9B1F449}.Debug|Any CPU.Build.0 = Debug|Any CPU
		{75752B77-CD9B-48B3-8A05-6BAEF9B1F449}.Release|Any CPU.ActiveCfg = Release|Any CPU
		{75752B77-CD9B-48B3-8A05-6BAEF9B1F449}.Release|Any CPU.Build.0 = Release|Any CPU
	EndGlobalSection
	GlobalSection(SolutionProperties) = preSolution
		HideSolutionNode = FALSE
	EndGlobalSection
	GlobalSection(ExtensibilityGlobals) = postSolution
		SolutionGuid = {C414FE1A-B035-4F2C-A8C4-4ABA27B893AB}
	EndGlobalSection
EndGlobal
